// !$*UTF8*$!
{
	archiveVersion = 1;
	classes = {
	};
	objectVersion = 46;
	objects = {

/* Begin PBXBuildFile section */
		382C85643B9BDB0C5EDE6D3A /* Pods_ios_swift_demoTests.framework in Frameworks */ = {isa = PBXBuildFile; fileRef = 386880CD4F221B2FFA50E4CF /* Pods_ios_swift_demoTests.framework */; };
		5411A2821F6F6A65002A171A /* AppDelegate.swift in Sources */ = {isa = PBXBuildFile; fileRef = 5411A2811F6F6A65002A171A /* AppDelegate.swift */; };
		5411A2841F6F6A65002A171A /* ViewController.swift in Sources */ = {isa = PBXBuildFile; fileRef = 5411A2831F6F6A65002A171A /* ViewController.swift */; };
		5411A2871F6F6A65002A171A /* Main.storyboard in Resources */ = {isa = PBXBuildFile; fileRef = 5411A2851F6F6A65002A171A /* Main.storyboard */; };
		5411A2891F6F6A65002A171A /* Assets.xcassets in Resources */ = {isa = PBXBuildFile; fileRef = 5411A2881F6F6A65002A171A /* Assets.xcassets */; };
		5411A28C1F6F6A65002A171A /* LaunchScreen.storyboard in Resources */ = {isa = PBXBuildFile; fileRef = 5411A28A1F6F6A65002A171A /* LaunchScreen.storyboard */; };
		5411A2971F6F6A65002A171A /* ios_swift_demoTests.swift in Sources */ = {isa = PBXBuildFile; fileRef = 5411A2961F6F6A65002A171A /* ios_swift_demoTests.swift */; };
		5411A2A21F6F6A65002A171A /* ios_swift_demoUITests.swift in Sources */ = {isa = PBXBuildFile; fileRef = 5411A2A11F6F6A65002A171A /* ios_swift_demoUITests.swift */; };
		54D907E61F6FA1A100BDDF6C /* GoogleService-Info.plist in Resources */ = {isa = PBXBuildFile; fileRef = 54D907E51F6FA1A100BDDF6C /* GoogleService-Info.plist */; };
		54D907E71F6FA1A100BDDF6C /* GoogleService-Info.plist in Resources */ = {isa = PBXBuildFile; fileRef = 54D907E51F6FA1A100BDDF6C /* GoogleService-Info.plist */; };
		54D907E81F6FA1A100BDDF6C /* GoogleService-Info.plist in Resources */ = {isa = PBXBuildFile; fileRef = 54D907E51F6FA1A100BDDF6C /* GoogleService-Info.plist */; };
		54ED2AFB1F6F895100468FE7 /* Notifications.swift in Sources */ = {isa = PBXBuildFile; fileRef = 54ED2AFA1F6F895100468FE7 /* Notifications.swift */; };
		54ED2AFD1F6F924300468FE7 /* Notifications2.swift in Sources */ = {isa = PBXBuildFile; fileRef = 54ED2AFC1F6F924300468FE7 /* Notifications2.swift */; };
		56CC8B072A7F60AFBC051215 /* Pods_ios_swift_demo.framework in Frameworks */ = {isa = PBXBuildFile; fileRef = B393F3D73836F16E2274FF8B /* Pods_ios_swift_demo.framework */; };
		A52ABDA88F1C12FA3EA51BBF /* Pods_ios_swift_demoUITests.framework in Frameworks */ = {isa = PBXBuildFile; fileRef = 121622E22D710FA56DF20D94 /* Pods_ios_swift_demoUITests.framework */; };
/* End PBXBuildFile section */

/* Begin PBXContainerItemProxy section */
		5411A2931F6F6A65002A171A /* PBXContainerItemProxy */ = {
			isa = PBXContainerItemProxy;
			containerPortal = 5411A2761F6F6A64002A171A /* Project object */;
			proxyType = 1;
			remoteGlobalIDString = 5411A27D1F6F6A65002A171A;
			remoteInfo = "ios-swift-demo";
		};
		5411A29E1F6F6A65002A171A /* PBXContainerItemProxy */ = {
			isa = PBXContainerItemProxy;
			containerPortal = 5411A2761F6F6A64002A171A /* Project object */;
			proxyType = 1;
			remoteGlobalIDString = 5411A27D1F6F6A65002A171A;
			remoteInfo = "ios-swift-demo";
		};
/* End PBXContainerItemProxy section */

/* Begin PBXFileReference section */
		121622E22D710FA56DF20D94 /* Pods_ios_swift_demoUITests.framework */ = {isa = PBXFileReference; explicitFileType = wrapper.framework; includeInIndex = 0; path = Pods_ios_swift_demoUITests.framework; sourceTree = BUILT_PRODUCTS_DIR; };
		386880CD4F221B2FFA50E4CF /* Pods_ios_swift_demoTests.framework */ = {isa = PBXFileReference; explicitFileType = wrapper.framework; includeInIndex = 0; path = Pods_ios_swift_demoTests.framework; sourceTree = BUILT_PRODUCTS_DIR; };
		3DBE94C99DEC71424BF07FEE /* Pods-ios-swift-demoUITests.release.xcconfig */ = {isa = PBXFileReference; includeInIndex = 1; lastKnownFileType = text.xcconfig; name = "Pods-ios-swift-demoUITests.release.xcconfig"; path = "Pods/Target Support Files/Pods-ios-swift-demoUITests/Pods-ios-swift-demoUITests.release.xcconfig"; sourceTree = "<group>"; };
		4F747A8A6676004C9EB5263E /* Pods-ios-swift-demoTests.debug.xcconfig */ = {isa = PBXFileReference; includeInIndex = 1; lastKnownFileType = text.xcconfig; name = "Pods-ios-swift-demoTests.debug.xcconfig"; path = "Pods/Target Support Files/Pods-ios-swift-demoTests/Pods-ios-swift-demoTests.debug.xcconfig"; sourceTree = "<group>"; };
		5411A27E1F6F6A65002A171A /* ios-swift-demo.app */ = {isa = PBXFileReference; explicitFileType = wrapper.application; includeInIndex = 0; path = "ios-swift-demo.app"; sourceTree = BUILT_PRODUCTS_DIR; };
		5411A2811F6F6A65002A171A /* AppDelegate.swift */ = {isa = PBXFileReference; lastKnownFileType = sourcecode.swift; path = AppDelegate.swift; sourceTree = "<group>"; };
		5411A2831F6F6A65002A171A /* ViewController.swift */ = {isa = PBXFileReference; lastKnownFileType = sourcecode.swift; path = ViewController.swift; sourceTree = "<group>"; };
		5411A2861F6F6A65002A171A /* Base */ = {isa = PBXFileReference; lastKnownFileType = file.storyboard; name = Base; path = Base.lproj/Main.storyboard; sourceTree = "<group>"; };
		5411A2881F6F6A65002A171A /* Assets.xcassets */ = {isa = PBXFileReference; lastKnownFileType = folder.assetcatalog; path = Assets.xcassets; sourceTree = "<group>"; };
		5411A28B1F6F6A65002A171A /* Base */ = {isa = PBXFileReference; lastKnownFileType = file.storyboard; name = Base; path = Base.lproj/LaunchScreen.storyboard; sourceTree = "<group>"; };
		5411A28D1F6F6A65002A171A /* Info.plist */ = {isa = PBXFileReference; lastKnownFileType = text.plist.xml; path = Info.plist; sourceTree = "<group>"; };
		5411A2921F6F6A65002A171A /* ios-swift-demoTests.xctest */ = {isa = PBXFileReference; explicitFileType = wrapper.cfbundle; includeInIndex = 0; path = "ios-swift-demoTests.xctest"; sourceTree = BUILT_PRODUCTS_DIR; };
		5411A2961F6F6A65002A171A /* ios_swift_demoTests.swift */ = {isa = PBXFileReference; lastKnownFileType = sourcecode.swift; path = ios_swift_demoTests.swift; sourceTree = "<group>"; };
		5411A2981F6F6A65002A171A /* Info.plist */ = {isa = PBXFileReference; lastKnownFileType = text.plist.xml; path = Info.plist; sourceTree = "<group>"; };
		5411A29D1F6F6A65002A171A /* ios-swift-demoUITests.xctest */ = {isa = PBXFileReference; explicitFileType = wrapper.cfbundle; includeInIndex = 0; path = "ios-swift-demoUITests.xctest"; sourceTree = BUILT_PRODUCTS_DIR; };
		5411A2A11F6F6A65002A171A /* ios_swift_demoUITests.swift */ = {isa = PBXFileReference; lastKnownFileType = sourcecode.swift; path = ios_swift_demoUITests.swift; sourceTree = "<group>"; };
		5411A2A31F6F6A65002A171A /* Info.plist */ = {isa = PBXFileReference; lastKnownFileType = text.plist.xml; path = Info.plist; sourceTree = "<group>"; };
		54D907E51F6FA1A100BDDF6C /* GoogleService-Info.plist */ = {isa = PBXFileReference; fileEncoding = 4; lastKnownFileType = text.plist.xml; path = "GoogleService-Info.plist"; sourceTree = "<group>"; };
		54ED2AFA1F6F895100468FE7 /* Notifications.swift */ = {isa = PBXFileReference; fileEncoding = 4; lastKnownFileType = sourcecode.swift; path = Notifications.swift; sourceTree = "<group>"; };
		54ED2AFC1F6F924300468FE7 /* Notifications2.swift */ = {isa = PBXFileReference; fileEncoding = 4; lastKnownFileType = sourcecode.swift; path = Notifications2.swift; sourceTree = "<group>"; };
		710118C46847922BB364D95E /* Pods-ios-swift-demo.release.xcconfig */ = {isa = PBXFileReference; includeInIndex = 1; lastKnownFileType = text.xcconfig; name = "Pods-ios-swift-demo.release.xcconfig"; path = "Pods/Target Support Files/Pods-ios-swift-demo/Pods-ios-swift-demo.release.xcconfig"; sourceTree = "<group>"; };
		93051BD8126FCFAB96E74E62 /* Pods-ios-swift-demoUITests.debug.xcconfig */ = {isa = PBXFileReference; includeInIndex = 1; lastKnownFileType = text.xcconfig; name = "Pods-ios-swift-demoUITests.debug.xcconfig"; path = "Pods/Target Support Files/Pods-ios-swift-demoUITests/Pods-ios-swift-demoUITests.debug.xcconfig"; sourceTree = "<group>"; };
		B393F3D73836F16E2274FF8B /* Pods_ios_swift_demo.framework */ = {isa = PBXFileReference; explicitFileType = wrapper.framework; includeInIndex = 0; path = Pods_ios_swift_demo.framework; sourceTree = BUILT_PRODUCTS_DIR; };
		CD3306B4FF5517792061A9E9 /* Pods-ios-swift-demo.debug.xcconfig */ = {isa = PBXFileReference; includeInIndex = 1; lastKnownFileType = text.xcconfig; name = "Pods-ios-swift-demo.debug.xcconfig"; path = "Pods/Target Support Files/Pods-ios-swift-demo/Pods-ios-swift-demo.debug.xcconfig"; sourceTree = "<group>"; };
		FE782D340CC3F16285FA1BE6 /* Pods-ios-swift-demoTests.release.xcconfig */ = {isa = PBXFileReference; includeInIndex = 1; lastKnownFileType = text.xcconfig; name = "Pods-ios-swift-demoTests.release.xcconfig"; path = "Pods/Target Support Files/Pods-ios-swift-demoTests/Pods-ios-swift-demoTests.release.xcconfig"; sourceTree = "<group>"; };
/* End PBXFileReference section */

/* Begin PBXFrameworksBuildPhase section */
		5411A27B1F6F6A65002A171A /* Frameworks */ = {
			isa = PBXFrameworksBuildPhase;
			buildActionMask = 2147483647;
			files = (
				56CC8B072A7F60AFBC051215 /* Pods_ios_swift_demo.framework in Frameworks */,
			);
			runOnlyForDeploymentPostprocessing = 0;
		};
		5411A28F1F6F6A65002A171A /* Frameworks */ = {
			isa = PBXFrameworksBuildPhase;
			buildActionMask = 2147483647;
			files = (
				382C85643B9BDB0C5EDE6D3A /* Pods_ios_swift_demoTests.framework in Frameworks */,
			);
			runOnlyForDeploymentPostprocessing = 0;
		};
		5411A29A1F6F6A65002A171A /* Frameworks */ = {
			isa = PBXFrameworksBuildPhase;
			buildActionMask = 2147483647;
			files = (
				A52ABDA88F1C12FA3EA51BBF /* Pods_ios_swift_demoUITests.framework in Frameworks */,
			);
			runOnlyForDeploymentPostprocessing = 0;
		};
/* End PBXFrameworksBuildPhase section */

/* Begin PBXGroup section */
		50669A6F478CBD33A565DC72 /* Frameworks */ = {
			isa = PBXGroup;
			children = (
				B393F3D73836F16E2274FF8B /* Pods_ios_swift_demo.framework */,
				386880CD4F221B2FFA50E4CF /* Pods_ios_swift_demoTests.framework */,
				121622E22D710FA56DF20D94 /* Pods_ios_swift_demoUITests.framework */,
			);
			name = Frameworks;
			sourceTree = "<group>";
		};
		5411A2751F6F6A64002A171A = {
			isa = PBXGroup;
			children = (
				5411A2801F6F6A65002A171A /* ios-swift-demo */,
				5411A2951F6F6A65002A171A /* ios-swift-demoTests */,
				5411A2A01F6F6A65002A171A /* ios-swift-demoUITests */,
				5411A27F1F6F6A65002A171A /* Products */,
				B889710962C0DD65B5B82C4C /* Pods */,
				50669A6F478CBD33A565DC72 /* Frameworks */,
			);
			sourceTree = "<group>";
		};
		5411A27F1F6F6A65002A171A /* Products */ = {
			isa = PBXGroup;
			children = (
				5411A27E1F6F6A65002A171A /* ios-swift-demo.app */,
				5411A2921F6F6A65002A171A /* ios-swift-demoTests.xctest */,
				5411A29D1F6F6A65002A171A /* ios-swift-demoUITests.xctest */,
			);
			name = Products;
			sourceTree = "<group>";
		};
		5411A2801F6F6A65002A171A /* ios-swift-demo */ = {
			isa = PBXGroup;
			children = (
				5411A2811F6F6A65002A171A /* AppDelegate.swift */,
				5411A2831F6F6A65002A171A /* ViewController.swift */,
				5411A2851F6F6A65002A171A /* Main.storyboard */,
				5411A2881F6F6A65002A171A /* Assets.xcassets */,
				5411A28A1F6F6A65002A171A /* LaunchScreen.storyboard */,
				5411A28D1F6F6A65002A171A /* Info.plist */,
				54ED2AFA1F6F895100468FE7 /* Notifications.swift */,
				54ED2AFC1F6F924300468FE7 /* Notifications2.swift */,
				54D907E51F6FA1A100BDDF6C /* GoogleService-Info.plist */,
			);
			path = "ios-swift-demo";
			sourceTree = "<group>";
		};
		5411A2951F6F6A65002A171A /* ios-swift-demoTests */ = {
			isa = PBXGroup;
			children = (
				5411A2961F6F6A65002A171A /* ios_swift_demoTests.swift */,
				5411A2981F6F6A65002A171A /* Info.plist */,
			);
			path = "ios-swift-demoTests";
			sourceTree = "<group>";
		};
		5411A2A01F6F6A65002A171A /* ios-swift-demoUITests */ = {
			isa = PBXGroup;
			children = (
				5411A2A11F6F6A65002A171A /* ios_swift_demoUITests.swift */,
				5411A2A31F6F6A65002A171A /* Info.plist */,
			);
			path = "ios-swift-demoUITests";
			sourceTree = "<group>";
		};
		B889710962C0DD65B5B82C4C /* Pods */ = {
			isa = PBXGroup;
			children = (
				CD3306B4FF5517792061A9E9 /* Pods-ios-swift-demo.debug.xcconfig */,
				710118C46847922BB364D95E /* Pods-ios-swift-demo.release.xcconfig */,
				4F747A8A6676004C9EB5263E /* Pods-ios-swift-demoTests.debug.xcconfig */,
				FE782D340CC3F16285FA1BE6 /* Pods-ios-swift-demoTests.release.xcconfig */,
				93051BD8126FCFAB96E74E62 /* Pods-ios-swift-demoUITests.debug.xcconfig */,
				3DBE94C99DEC71424BF07FEE /* Pods-ios-swift-demoUITests.release.xcconfig */,
			);
			name = Pods;
			sourceTree = "<group>";
		};
/* End PBXGroup section */

/* Begin PBXNativeTarget section */
		5411A27D1F6F6A65002A171A /* ios-swift-demo */ = {
			isa = PBXNativeTarget;
			buildConfigurationList = 5411A2A61F6F6A65002A171A /* Build configuration list for PBXNativeTarget "ios-swift-demo" */;
			buildPhases = (
				1D3E39D78B5472836221CA8F /* [CP] Check Pods Manifest.lock */,
				5411A27A1F6F6A65002A171A /* Sources */,
				5411A27B1F6F6A65002A171A /* Frameworks */,
				5411A27C1F6F6A65002A171A /* Resources */,
				5411A2AF1F6F6EB5002A171A /* Find Warnings / Todo */,
				C92F5EFC422EE3201E36D652 /* [CP] Embed Pods Frameworks */,
				C84F162F9757018FA59DC552 /* [CP] Copy Pods Resources */,
				5483DA991F6F74CC00B84A89 /* SwiftFormat */,
			);
			buildRules = (
			);
			dependencies = (
			);
			name = "ios-swift-demo";
			productName = "ios-swift-demo";
			productReference = 5411A27E1F6F6A65002A171A /* ios-swift-demo.app */;
			productType = "com.apple.product-type.application";
		};
		5411A2911F6F6A65002A171A /* ios-swift-demoTests */ = {
			isa = PBXNativeTarget;
			buildConfigurationList = 5411A2A91F6F6A65002A171A /* Build configuration list for PBXNativeTarget "ios-swift-demoTests" */;
			buildPhases = (
				01E747C877BBF2A503C54BF7 /* [CP] Check Pods Manifest.lock */,
				5411A28E1F6F6A65002A171A /* Sources */,
				5411A28F1F6F6A65002A171A /* Frameworks */,
				5411A2901F6F6A65002A171A /* Resources */,
				DAE5A9E396573BA750B25D2E /* [CP] Embed Pods Frameworks */,
				3FDF31A1F029C9CB41BE27C2 /* [CP] Copy Pods Resources */,
			);
			buildRules = (
			);
			dependencies = (
				5411A2941F6F6A65002A171A /* PBXTargetDependency */,
			);
			name = "ios-swift-demoTests";
			productName = "ios-swift-demoTests";
			productReference = 5411A2921F6F6A65002A171A /* ios-swift-demoTests.xctest */;
			productType = "com.apple.product-type.bundle.unit-test";
		};
		5411A29C1F6F6A65002A171A /* ios-swift-demoUITests */ = {
			isa = PBXNativeTarget;
			buildConfigurationList = 5411A2AC1F6F6A65002A171A /* Build configuration list for PBXNativeTarget "ios-swift-demoUITests" */;
			buildPhases = (
				25A24DC9476A93603C1D8523 /* [CP] Check Pods Manifest.lock */,
				5411A2991F6F6A65002A171A /* Sources */,
				5411A29A1F6F6A65002A171A /* Frameworks */,
				5411A29B1F6F6A65002A171A /* Resources */,
				1C234143D1CFA58E986435DE /* [CP] Embed Pods Frameworks */,
				83BC4C3437775C1CAE4406BA /* [CP] Copy Pods Resources */,
			);
			buildRules = (
			);
			dependencies = (
				5411A29F1F6F6A65002A171A /* PBXTargetDependency */,
			);
			name = "ios-swift-demoUITests";
			productName = "ios-swift-demoUITests";
			productReference = 5411A29D1F6F6A65002A171A /* ios-swift-demoUITests.xctest */;
			productType = "com.apple.product-type.bundle.ui-testing";
		};
/* End PBXNativeTarget section */

/* Begin PBXProject section */
		5411A2761F6F6A64002A171A /* Project object */ = {
			isa = PBXProject;
			attributes = {
				LastSwiftUpdateCheck = 0830;
				LastUpgradeCheck = 0830;
				ORGANIZATIONNAME = "Brayden Traas";
				TargetAttributes = {
					5411A27D1F6F6A65002A171A = {
						CreatedOnToolsVersion = 8.3.3;
						DevelopmentTeam = N6RP3H788Z;
						ProvisioningStyle = Automatic;
					};
					5411A2911F6F6A65002A171A = {
						CreatedOnToolsVersion = 8.3.3;
						DevelopmentTeam = XLXWXYEM49;
						ProvisioningStyle = Automatic;
						TestTargetID = 5411A27D1F6F6A65002A171A;
					};
					5411A29C1F6F6A65002A171A = {
						CreatedOnToolsVersion = 8.3.3;
						DevelopmentTeam = XLXWXYEM49;
						ProvisioningStyle = Automatic;
						TestTargetID = 5411A27D1F6F6A65002A171A;
					};
				};
			};
			buildConfigurationList = 5411A2791F6F6A64002A171A /* Build configuration list for PBXProject "ios-swift-demo" */;
			compatibilityVersion = "Xcode 3.2";
			developmentRegion = English;
			hasScannedForEncodings = 0;
			knownRegions = (
				en,
				Base,
			);
			mainGroup = 5411A2751F6F6A64002A171A;
			productRefGroup = 5411A27F1F6F6A65002A171A /* Products */;
			projectDirPath = "";
			projectRoot = "";
			targets = (
				5411A27D1F6F6A65002A171A /* ios-swift-demo */,
				5411A2911F6F6A65002A171A /* ios-swift-demoTests */,
				5411A29C1F6F6A65002A171A /* ios-swift-demoUITests */,
			);
		};
/* End PBXProject section */

/* Begin PBXResourcesBuildPhase section */
		5411A27C1F6F6A65002A171A /* Resources */ = {
			isa = PBXResourcesBuildPhase;
			buildActionMask = 2147483647;
			files = (
				5411A28C1F6F6A65002A171A /* LaunchScreen.storyboard in Resources */,
				54D907E61F6FA1A100BDDF6C /* GoogleService-Info.plist in Resources */,
				5411A2891F6F6A65002A171A /* Assets.xcassets in Resources */,
				5411A2871F6F6A65002A171A /* Main.storyboard in Resources */,
			);
			runOnlyForDeploymentPostprocessing = 0;
		};
		5411A2901F6F6A65002A171A /* Resources */ = {
			isa = PBXResourcesBuildPhase;
			buildActionMask = 2147483647;
			files = (
				54D907E71F6FA1A100BDDF6C /* GoogleService-Info.plist in Resources */,
			);
			runOnlyForDeploymentPostprocessing = 0;
		};
		5411A29B1F6F6A65002A171A /* Resources */ = {
			isa = PBXResourcesBuildPhase;
			buildActionMask = 2147483647;
			files = (
				54D907E81F6FA1A100BDDF6C /* GoogleService-Info.plist in Resources */,
			);
			runOnlyForDeploymentPostprocessing = 0;
		};
/* End PBXResourcesBuildPhase section */

/* Begin PBXShellScriptBuildPhase section */
		01E747C877BBF2A503C54BF7 /* [CP] Check Pods Manifest.lock */ = {
			isa = PBXShellScriptBuildPhase;
			buildActionMask = 2147483647;
			files = (
			);
			inputPaths = (
				"${PODS_PODFILE_DIR_PATH}/Podfile.lock",
				"${PODS_ROOT}/Manifest.lock",
			);
			name = "[CP] Check Pods Manifest.lock";
			outputPaths = (
				"$(DERIVED_FILE_DIR)/Pods-ios-swift-demoTests-checkManifestLockResult.txt",
			);
			runOnlyForDeploymentPostprocessing = 0;
			shellPath = /bin/sh;
			shellScript = "diff \"${PODS_PODFILE_DIR_PATH}/Podfile.lock\" \"${PODS_ROOT}/Manifest.lock\" > /dev/null\nif [ $? != 0 ] ; then\n    # print error to STDERR\n    echo \"error: The sandbox is not in sync with the Podfile.lock. Run 'pod install' or update your CocoaPods installation.\" >&2\n    exit 1\nfi\n# This output is used by Xcode 'outputs' to avoid re-running this script phase.\necho \"SUCCESS\" > \"${SCRIPT_OUTPUT_FILE_0}\"\n";
			showEnvVarsInLog = 0;
		};
		1C234143D1CFA58E986435DE /* [CP] Embed Pods Frameworks */ = {
			isa = PBXShellScriptBuildPhase;
			buildActionMask = 2147483647;
			files = (
			);
			inputPaths = (
			);
			name = "[CP] Embed Pods Frameworks";
			outputPaths = (
			);
			runOnlyForDeploymentPostprocessing = 0;
			shellPath = /bin/sh;
			shellScript = "\"${SRCROOT}/Pods/Target Support Files/Pods-ios-swift-demoUITests/Pods-ios-swift-demoUITests-frameworks.sh\"\n";
			showEnvVarsInLog = 0;
		};
		1D3E39D78B5472836221CA8F /* [CP] Check Pods Manifest.lock */ = {
			isa = PBXShellScriptBuildPhase;
			buildActionMask = 2147483647;
			files = (
			);
			inputPaths = (
				"${PODS_PODFILE_DIR_PATH}/Podfile.lock",
				"${PODS_ROOT}/Manifest.lock",
			);
			name = "[CP] Check Pods Manifest.lock";
			outputPaths = (
				"$(DERIVED_FILE_DIR)/Pods-ios-swift-demo-checkManifestLockResult.txt",
			);
			runOnlyForDeploymentPostprocessing = 0;
			shellPath = /bin/sh;
			shellScript = "diff \"${PODS_PODFILE_DIR_PATH}/Podfile.lock\" \"${PODS_ROOT}/Manifest.lock\" > /dev/null\nif [ $? != 0 ] ; then\n    # print error to STDERR\n    echo \"error: The sandbox is not in sync with the Podfile.lock. Run 'pod install' or update your CocoaPods installation.\" >&2\n    exit 1\nfi\n# This output is used by Xcode 'outputs' to avoid re-running this script phase.\necho \"SUCCESS\" > \"${SCRIPT_OUTPUT_FILE_0}\"\n";
			showEnvVarsInLog = 0;
		};
		25A24DC9476A93603C1D8523 /* [CP] Check Pods Manifest.lock */ = {
			isa = PBXShellScriptBuildPhase;
			buildActionMask = 2147483647;
			files = (
			);
			inputPaths = (
				"${PODS_PODFILE_DIR_PATH}/Podfile.lock",
				"${PODS_ROOT}/Manifest.lock",
			);
			name = "[CP] Check Pods Manifest.lock";
			outputPaths = (
				"$(DERIVED_FILE_DIR)/Pods-ios-swift-demoUITests-checkManifestLockResult.txt",
			);
			runOnlyForDeploymentPostprocessing = 0;
			shellPath = /bin/sh;
			shellScript = "diff \"${PODS_PODFILE_DIR_PATH}/Podfile.lock\" \"${PODS_ROOT}/Manifest.lock\" > /dev/null\nif [ $? != 0 ] ; then\n    # print error to STDERR\n    echo \"error: The sandbox is not in sync with the Podfile.lock. Run 'pod install' or update your CocoaPods installation.\" >&2\n    exit 1\nfi\n# This output is used by Xcode 'outputs' to avoid re-running this script phase.\necho \"SUCCESS\" > \"${SCRIPT_OUTPUT_FILE_0}\"\n";
			showEnvVarsInLog = 0;
		};
		3FDF31A1F029C9CB41BE27C2 /* [CP] Copy Pods Resources */ = {
			isa = PBXShellScriptBuildPhase;
			buildActionMask = 2147483647;
			files = (
			);
			inputPaths = (
			);
			name = "[CP] Copy Pods Resources";
			outputPaths = (
			);
			runOnlyForDeploymentPostprocessing = 0;
			shellPath = /bin/sh;
			shellScript = "\"${SRCROOT}/Pods/Target Support Files/Pods-ios-swift-demoTests/Pods-ios-swift-demoTests-resources.sh\"\n";
			showEnvVarsInLog = 0;
		};
		5411A2AF1F6F6EB5002A171A /* Find Warnings / Todo */ = {
			isa = PBXShellScriptBuildPhase;
			buildActionMask = 2147483647;
			files = (
			);
			inputPaths = (
			);
			name = "Find Warnings / Todo";
			outputPaths = (
			);
			runOnlyForDeploymentPostprocessing = 0;
			shellPath = /bin/sh;
			shellScript = "if [ \"${CONFIGURATION}\" = \"Debug\" ]; then\nTAGS=\"TODO:|FIXME:\"\necho \"searching ${SRCROOT} for ${TAGS}\"\nfind \"${SRCROOT}\" \\( -name \"*.swift\" \\) -print0 | xargs -0 egrep --with-filename --line-number --only-matching \"($TAGS).*\\$\" | perl -p -e \"s/($TAGS)/ warning: \\$1/\"\nfi";
		};
		5483DA991F6F74CC00B84A89 /* SwiftFormat */ = {
			isa = PBXShellScriptBuildPhase;
			buildActionMask = 2147483647;
			files = (
			);
			inputPaths = (
			);
			name = SwiftFormat;
			outputPaths = (
			);
			runOnlyForDeploymentPostprocessing = 0;
			shellPath = /bin/sh;
			shellScript = "\"${PODS_ROOT}/SwiftFormat/CommandLineTool/swiftformat\" \"${SRCROOT}/\" --enable blankLinesAtEndOfScope,blankLinesBetweenScopes,braces,consecutiveBlankLines,consecutiveSpaces,hoistPatternLet,indent,linebreakAtEndOfFile,linebreaks,numberFormatting,ranges,redundantBackticks,redundantGet,redundantLet,redundantNilInit,redundantParens,redundantPattern,redundantRawValues,redundantReturn,redundantSelf,redundantVoidReturnType,redundantInit,semicolons,spaceAroundBraces,spaceAroundBrackets,spaceAroundComments,spaceAroundGenerics,spaceAroundOperators,spaceAroundParens,spaceInsideBraces,spaceInsideBrackets,spaceInsideComments,spaceInsideGenerics,spaceInsideParens,specifiers,trailingClosures,trailingCommas,trailingSpace,todos,unusedArguments,void,wrapArguments --disable elseOnSameLine,fileHeader --allman true --binarygrouping 4,8 --commas always --comments indent --decimalgrouping 3,6 --empty void --experimental disabled --exponentcase uppercase --hexgrouping 4,8 --hexliteralcase uppercase --ifdef indent --indent 4 --insertlines enabled --linebreaks lf --octalgrouping 4,8 --patternlet hoist --ranges spaced --removelines enabled --semicolons inline --self remove --stripunusedargs always --trimwhitespace always --wraparguments afterfirst --wrapelements beforefirst";
		};
		83BC4C3437775C1CAE4406BA /* [CP] Copy Pods Resources */ = {
			isa = PBXShellScriptBuildPhase;
			buildActionMask = 2147483647;
			files = (
			);
			inputPaths = (
			);
			name = "[CP] Copy Pods Resources";
			outputPaths = (
			);
			runOnlyForDeploymentPostprocessing = 0;
			shellPath = /bin/sh;
			shellScript = "\"${SRCROOT}/Pods/Target Support Files/Pods-ios-swift-demoUITests/Pods-ios-swift-demoUITests-resources.sh\"\n";
			showEnvVarsInLog = 0;
		};
		C84F162F9757018FA59DC552 /* [CP] Copy Pods Resources */ = {
			isa = PBXShellScriptBuildPhase;
			buildActionMask = 2147483647;
			files = (
			);
			inputPaths = (
			);
			name = "[CP] Copy Pods Resources";
			outputPaths = (
			);
			runOnlyForDeploymentPostprocessing = 0;
			shellPath = /bin/sh;
			shellScript = "\"${SRCROOT}/Pods/Target Support Files/Pods-ios-swift-demo/Pods-ios-swift-demo-resources.sh\"\n";
			showEnvVarsInLog = 0;
		};
		C92F5EFC422EE3201E36D652 /* [CP] Embed Pods Frameworks */ = {
			isa = PBXShellScriptBuildPhase;
			buildActionMask = 2147483647;
			files = (
			);
			inputPaths = (
				"${SRCROOT}/Pods/Target Support Files/Pods-ios-swift-demo/Pods-ios-swift-demo-frameworks.sh",
				"${BUILT_PRODUCTS_DIR}/GoogleToolboxForMac/GoogleToolboxForMac.framework",
				"${BUILT_PRODUCTS_DIR}/TraceLog/TraceLog.framework",
				"${BUILT_PRODUCTS_DIR}/nanopb/nanopb.framework",
			);
			name = "[CP] Embed Pods Frameworks";
			outputPaths = (
				"${TARGET_BUILD_DIR}/${FRAMEWORKS_FOLDER_PATH}/GoogleToolboxForMac.framework",
				"${TARGET_BUILD_DIR}/${FRAMEWORKS_FOLDER_PATH}/TraceLog.framework",
				"${TARGET_BUILD_DIR}/${FRAMEWORKS_FOLDER_PATH}/nanopb.framework",
			);
			runOnlyForDeploymentPostprocessing = 0;
			shellPath = /bin/sh;
			shellScript = "\"${SRCROOT}/Pods/Target Support Files/Pods-ios-swift-demo/Pods-ios-swift-demo-frameworks.sh\"\n";
			showEnvVarsInLog = 0;
		};
		DAE5A9E396573BA750B25D2E /* [CP] Embed Pods Frameworks */ = {
			isa = PBXShellScriptBuildPhase;
			buildActionMask = 2147483647;
			files = (
			);
			inputPaths = (
			);
			name = "[CP] Embed Pods Frameworks";
			outputPaths = (
			);
			runOnlyForDeploymentPostprocessing = 0;
			shellPath = /bin/sh;
			shellScript = "\"${SRCROOT}/Pods/Target Support Files/Pods-ios-swift-demoTests/Pods-ios-swift-demoTests-frameworks.sh\"\n";
			showEnvVarsInLog = 0;
		};
/* End PBXShellScriptBuildPhase section */

/* Begin PBXSourcesBuildPhase section */
		5411A27A1F6F6A65002A171A /* Sources */ = {
			isa = PBXSourcesBuildPhase;
			buildActionMask = 2147483647;
			files = (
				54ED2AFB1F6F895100468FE7 /* Notifications.swift in Sources */,
				5411A2841F6F6A65002A171A /* ViewController.swift in Sources */,
				5411A2821F6F6A65002A171A /* AppDelegate.swift in Sources */,
				54ED2AFD1F6F924300468FE7 /* Notifications2.swift in Sources */,
			);
			runOnlyForDeploymentPostprocessing = 0;
		};
		5411A28E1F6F6A65002A171A /* Sources */ = {
			isa = PBXSourcesBuildPhase;
			buildActionMask = 2147483647;
			files = (
				5411A2971F6F6A65002A171A /* ios_swift_demoTests.swift in Sources */,
			);
			runOnlyForDeploymentPostprocessing = 0;
		};
		5411A2991F6F6A65002A171A /* Sources */ = {
			isa = PBXSourcesBuildPhase;
			buildActionMask = 2147483647;
			files = (
				5411A2A21F6F6A65002A171A /* ios_swift_demoUITests.swift in Sources */,
			);
			runOnlyForDeploymentPostprocessing = 0;
		};
/* End PBXSourcesBuildPhase section */

/* Begin PBXTargetDependency section */
		5411A2941F6F6A65002A171A /* PBXTargetDependency */ = {
			isa = PBXTargetDependency;
			target = 5411A27D1F6F6A65002A171A /* ios-swift-demo */;
			targetProxy = 5411A2931F6F6A65002A171A /* PBXContainerItemProxy */;
		};
		5411A29F1F6F6A65002A171A /* PBXTargetDependency */ = {
			isa = PBXTargetDependency;
			target = 5411A27D1F6F6A65002A171A /* ios-swift-demo */;
			targetProxy = 5411A29E1F6F6A65002A171A /* PBXContainerItemProxy */;
		};
/* End PBXTargetDependency section */

/* Begin PBXVariantGroup section */
		5411A2851F6F6A65002A171A /* Main.storyboard */ = {
			isa = PBXVariantGroup;
			children = (
				5411A2861F6F6A65002A171A /* Base */,
			);
			name = Main.storyboard;
			sourceTree = "<group>";
		};
		5411A28A1F6F6A65002A171A /* LaunchScreen.storyboard */ = {
			isa = PBXVariantGroup;
			children = (
				5411A28B1F6F6A65002A171A /* Base */,
			);
			name = LaunchScreen.storyboard;
			sourceTree = "<group>";
		};
/* End PBXVariantGroup section */

/* Begin XCBuildConfiguration section */
		5411A2A41F6F6A65002A171A /* Debug */ = {
			isa = XCBuildConfiguration;
			buildSettings = {
				ALWAYS_SEARCH_USER_PATHS = NO;
				CLANG_ANALYZER_NONNULL = YES;
				CLANG_ANALYZER_NUMBER_OBJECT_CONVERSION = YES_AGGRESSIVE;
				CLANG_CXX_LANGUAGE_STANDARD = "gnu++0x";
				CLANG_CXX_LIBRARY = "libc++";
				CLANG_ENABLE_MODULES = YES;
				CLANG_ENABLE_OBJC_ARC = YES;
				CLANG_WARN_BOOL_CONVERSION = YES;
				CLANG_WARN_CONSTANT_CONVERSION = YES;
				CLANG_WARN_DIRECT_OBJC_ISA_USAGE = YES_ERROR;
				CLANG_WARN_DOCUMENTATION_COMMENTS = YES;
				CLANG_WARN_EMPTY_BODY = YES;
				CLANG_WARN_ENUM_CONVERSION = YES;
				CLANG_WARN_INFINITE_RECURSION = YES;
				CLANG_WARN_INT_CONVERSION = YES;
				CLANG_WARN_OBJC_ROOT_CLASS = YES_ERROR;
				CLANG_WARN_SUSPICIOUS_MOVE = YES;
				CLANG_WARN_UNREACHABLE_CODE = YES;
				CLANG_WARN__DUPLICATE_METHOD_MATCH = YES;
				"CODE_SIGN_IDENTITY[sdk=iphoneos*]" = "iPhone Developer";
				COPY_PHASE_STRIP = NO;
				DEBUG_INFORMATION_FORMAT = dwarf;
				ENABLE_STRICT_OBJC_MSGSEND = YES;
				ENABLE_TESTABILITY = YES;
				GCC_C_LANGUAGE_STANDARD = gnu99;
				GCC_DYNAMIC_NO_PIC = NO;
				GCC_NO_COMMON_BLOCKS = YES;
				GCC_OPTIMIZATION_LEVEL = 0;
				GCC_PREPROCESSOR_DEFINITIONS = (
					"DEBUG=1",
					"$(inherited)",
				);
				GCC_WARN_64_TO_32_BIT_CONVERSION = YES;
				GCC_WARN_ABOUT_RETURN_TYPE = YES_ERROR;
				GCC_WARN_UNDECLARED_SELECTOR = YES;
				GCC_WARN_UNINITIALIZED_AUTOS = YES_AGGRESSIVE;
				GCC_WARN_UNUSED_FUNCTION = YES;
				GCC_WARN_UNUSED_VARIABLE = YES;
				IPHONEOS_DEPLOYMENT_TARGET = 10.3;
				MTL_ENABLE_DEBUG_INFO = YES;
				ONLY_ACTIVE_ARCH = YES;
				SDKROOT = iphoneos;
				SWIFT_ACTIVE_COMPILATION_CONDITIONS = DEBUG;
				SWIFT_OPTIMIZATION_LEVEL = "-Onone";
				TARGETED_DEVICE_FAMILY = "1,2";
			};
			name = Debug;
		};
		5411A2A51F6F6A65002A171A /* Release */ = {
			isa = XCBuildConfiguration;
			buildSettings = {
				ALWAYS_SEARCH_USER_PATHS = NO;
				CLANG_ANALYZER_NONNULL = YES;
				CLANG_ANALYZER_NUMBER_OBJECT_CONVERSION = YES_AGGRESSIVE;
				CLANG_CXX_LANGUAGE_STANDARD = "gnu++0x";
				CLANG_CXX_LIBRARY = "libc++";
				CLANG_ENABLE_MODULES = YES;
				CLANG_ENABLE_OBJC_ARC = YES;
				CLANG_WARN_BOOL_CONVERSION = YES;
				CLANG_WARN_CONSTANT_CONVERSION = YES;
				CLANG_WARN_DIRECT_OBJC_ISA_USAGE = YES_ERROR;
				CLANG_WARN_DOCUMENTATION_COMMENTS = YES;
				CLANG_WARN_EMPTY_BODY = YES;
				CLANG_WARN_ENUM_CONVERSION = YES;
				CLANG_WARN_INFINITE_RECURSION = YES;
				CLANG_WARN_INT_CONVERSION = YES;
				CLANG_WARN_OBJC_ROOT_CLASS = YES_ERROR;
				CLANG_WARN_SUSPICIOUS_MOVE = YES;
				CLANG_WARN_UNREACHABLE_CODE = YES;
				CLANG_WARN__DUPLICATE_METHOD_MATCH = YES;
				"CODE_SIGN_IDENTITY[sdk=iphoneos*]" = "iPhone Developer";
				COPY_PHASE_STRIP = NO;
				DEBUG_INFORMATION_FORMAT = "dwarf-with-dsym";
				ENABLE_NS_ASSERTIONS = NO;
				ENABLE_STRICT_OBJC_MSGSEND = YES;
				GCC_C_LANGUAGE_STANDARD = gnu99;
				GCC_NO_COMMON_BLOCKS = YES;
				GCC_WARN_64_TO_32_BIT_CONVERSION = YES;
				GCC_WARN_ABOUT_RETURN_TYPE = YES_ERROR;
				GCC_WARN_UNDECLARED_SELECTOR = YES;
				GCC_WARN_UNINITIALIZED_AUTOS = YES_AGGRESSIVE;
				GCC_WARN_UNUSED_FUNCTION = YES;
				GCC_WARN_UNUSED_VARIABLE = YES;
				IPHONEOS_DEPLOYMENT_TARGET = 10.3;
				MTL_ENABLE_DEBUG_INFO = NO;
				SDKROOT = iphoneos;
				SWIFT_OPTIMIZATION_LEVEL = "-Owholemodule";
				TARGETED_DEVICE_FAMILY = "1,2";
				VALIDATE_PRODUCT = YES;
			};
			name = Release;
		};
		5411A2A71F6F6A65002A171A /* Debug */ = {
			isa = XCBuildConfiguration;
			baseConfigurationReference = CD3306B4FF5517792061A9E9 /* Pods-ios-swift-demo.debug.xcconfig */;
			buildSettings = {
				ASSETCATALOG_COMPILER_APPICON_NAME = AppIcon;
				DEVELOPMENT_TEAM = N6RP3H788Z;
				INFOPLIST_FILE = "ios-swift-demo/Info.plist";
				LD_RUNPATH_SEARCH_PATHS = "$(inherited) @executable_path/Frameworks";
				PRODUCT_BUNDLE_IDENTIFIER = "as.tra.brayden.ios-swift-demo-2";
				PRODUCT_NAME = "$(TARGET_NAME)";
				SWIFT_VERSION = 3.0;
				TARGETED_DEVICE_FAMILY = "1,2";
			};
			name = Debug;
		};
		5411A2A81F6F6A65002A171A /* Release */ = {
			isa = XCBuildConfiguration;
			baseConfigurationReference = 710118C46847922BB364D95E /* Pods-ios-swift-demo.release.xcconfig */;
			buildSettings = {
				ASSETCATALOG_COMPILER_APPICON_NAME = AppIcon;
				DEVELOPMENT_TEAM = N6RP3H788Z;
				INFOPLIST_FILE = "ios-swift-demo/Info.plist";
				LD_RUNPATH_SEARCH_PATHS = "$(inherited) @executable_path/Frameworks";
				PRODUCT_BUNDLE_IDENTIFIER = "as.tra.brayden.ios-swift-demo-2";
				PRODUCT_NAME = "$(TARGET_NAME)";
				SWIFT_VERSION = 3.0;
				TARGETED_DEVICE_FAMILY = "1,2";
			};
			name = Release;
		};
		5411A2AA1F6F6A65002A171A /* Debug */ = {
			isa = XCBuildConfiguration;
			baseConfigurationReference = 4F747A8A6676004C9EB5263E /* Pods-ios-swift-demoTests.debug.xcconfig */;
			buildSettings = {
				ALWAYS_EMBED_SWIFT_STANDARD_LIBRARIES = YES;
				BUNDLE_LOADER = "$(TEST_HOST)";
				DEVELOPMENT_TEAM = XLXWXYEM49;
				INFOPLIST_FILE = "ios-swift-demoTests/Info.plist";
				LD_RUNPATH_SEARCH_PATHS = "$(inherited) @executable_path/Frameworks @loader_path/Frameworks";
				PRODUCT_BUNDLE_IDENTIFIER = "as.tra.brayden.ios-swift-demoTests";
				PRODUCT_NAME = "$(TARGET_NAME)";
				SWIFT_VERSION = 3.0;
				TEST_HOST = "$(BUILT_PRODUCTS_DIR)/ios-swift-demo.app/ios-swift-demo";
			};
			name = Debug;
		};
		5411A2AB1F6F6A65002A171A /* Release */ = {
			isa = XCBuildConfiguration;
			baseConfigurationReference = FE782D340CC3F16285FA1BE6 /* Pods-ios-swift-demoTests.release.xcconfig */;
			buildSettings = {
				ALWAYS_EMBED_SWIFT_STANDARD_LIBRARIES = YES;
				BUNDLE_LOADER = "$(TEST_HOST)";
				DEVELOPMENT_TEAM = XLXWXYEM49;
				INFOPLIST_FILE = "ios-swift-demoTests/Info.plist";
				LD_RUNPATH_SEARCH_PATHS = "$(inherited) @executable_path/Frameworks @loader_path/Frameworks";
				PRODUCT_BUNDLE_IDENTIFIER = "as.tra.brayden.ios-swift-demoTests";
				PRODUCT_NAME = "$(TARGET_NAME)";
				SWIFT_VERSION = 3.0;
				TEST_HOST = "$(BUILT_PRODUCTS_DIR)/ios-swift-demo.app/ios-swift-demo";
			};
			name = Release;
		};
		5411A2AD1F6F6A65002A171A /* Debug */ = {
			isa = XCBuildConfiguration;
			baseConfigurationReference = 93051BD8126FCFAB96E74E62 /* Pods-ios-swift-demoUITests.debug.xcconfig */;
			buildSettings = {
				ALWAYS_EMBED_SWIFT_STANDARD_LIBRARIES = YES;
				DEVELOPMENT_TEAM = XLXWXYEM49;
				INFOPLIST_FILE = "ios-swift-demoUITests/Info.plist";
				LD_RUNPATH_SEARCH_PATHS = "$(inherited) @executable_path/Frameworks @loader_path/Frameworks";
				PRODUCT_BUNDLE_IDENTIFIER = "as.tra.brayden.ios-swift-demoUITests";
				PRODUCT_NAME = "$(TARGET_NAME)";
				SWIFT_VERSION = 3.0;
				TEST_TARGET_NAME = "ios-swift-demo";
			};
			name = Debug;
		};
		5411A2AE1F6F6A65002A171A /* Release */ = {
			isa = XCBuildConfiguration;
			baseConfigurationReference = 3DBE94C99DEC71424BF07FEE /* Pods-ios-swift-demoUITests.release.xcconfig */;
			buildSettings = {
				ALWAYS_EMBED_SWIFT_STANDARD_LIBRARIES = YES;
				DEVELOPMENT_TEAM = XLXWXYEM49;
				INFOPLIST_FILE = "ios-swift-demoUITests/Info.plist";
				LD_RUNPATH_SEARCH_PATHS = "$(inherited) @executable_path/Frameworks @loader_path/Frameworks";
				PRODUCT_BUNDLE_IDENTIFIER = "as.tra.brayden.ios-swift-demoUITests";
				PRODUCT_NAME = "$(TARGET_NAME)";
				SWIFT_VERSION = 3.0;
				TEST_TARGET_NAME = "ios-swift-demo";
			};
			name = Release;
		};
/* End XCBuildConfiguration section */

/* Begin XCConfigurationList section */
		5411A2791F6F6A64002A171A /* Build configuration list for PBXProject "ios-swift-demo" */ = {
			isa = XCConfigurationList;
			buildConfigurations = (
				5411A2A41F6F6A65002A171A /* Debug */,
				5411A2A51F6F6A65002A171A /* Release */,
			);
			defaultConfigurationIsVisible = 0;
			defaultConfigurationName = Release;
		};
		5411A2A61F6F6A65002A171A /* Build configuration list for PBXNativeTarget "ios-swift-demo" */ = {
			isa = XCConfigurationList;
			buildConfigurations = (
				5411A2A71F6F6A65002A171A /* Debug */,
				5411A2A81F6F6A65002A171A /* Release */,
			);
			defaultConfigurationIsVisible = 0;
			defaultConfigurationName = Release;
		};
		5411A2A91F6F6A65002A171A /* Build configuration list for PBXNativeTarget "ios-swift-demoTests" */ = {
			isa = XCConfigurationList;
			buildConfigurations = (
				5411A2AA1F6F6A65002A171A /* Debug */,
				5411A2AB1F6F6A65002A171A /* Release */,
			);
			defaultConfigurationIsVisible = 0;
			defaultConfigurationName = Release;
		};
		5411A2AC1F6F6A65002A171A /* Build configuration list for PBXNativeTarget "ios-swift-demoUITests" */ = {
			isa = XCConfigurationList;
			buildConfigurations = (
				5411A2AD1F6F6A65002A171A /* Debug */,
				5411A2AE1F6F6A65002A171A /* Release */,
			);
			defaultConfigurationIsVisible = 0;
			defaultConfigurationName = Release;
		};
/* End XCConfigurationList section */
	};
	rootObject = 5411A2761F6F6A64002A171A /* Project object */;
}
